
Microsoft Visual Studio Solution File, Format Version 12.00
# Visual Studio Version 16
VisualStudioVersion = 16.0.29306.81
MinimumVisualStudioVersion = 10.0.40219.1
Project("{8BC9CEB8-8B4A-11D0-8D11-00A0C91BC942}") = "madlib", "madlib\madlib.vcxproj", "{599FD575-0413-44A8-BE00-88CB6331AAA5}"
EndProject
Global
	GlobalSection(SolutionConfigurationPlatforms) = preSolution
		Debug|x64 = Debug|x64
		Debug|x86 = Debug|x86
		Release|x64 = Release|x64
		Release|x86 = Release|x86
	EndGlobalSection
	GlobalSection(ProjectConfigurationPlatforms) = postSolution
		{599FD575-0413-44A8-BE00-88CB6331AAA5}.Debug|x64.ActiveCfg = Debug|x64
		{599FD575-0413-44A8-BE00-88CB6331AAA5}.Debug|x64.Build.0 = Debug|x64
		{599FD575-0413-44A8-BE00-88CB6331AAA5}.Debug|x86.ActiveCfg = Debug|Win32
		{599FD575-0413-44A8-BE00-88CB6331AAA5}.Debug|x86.Build.0 = Debug|Win32
		{599FD575-0413-44A8-BE00-88CB6331AAA5}.Release|x64.ActiveCfg = Release|x64
		{599FD575-0413-44A8-BE00-88CB6331AAA5}.Release|x64.Build.0 = Release|x64
		{599FD575-0413-44A8-BE00-88CB6331AAA5}.Release|x86.ActiveCfg = Release|Win32
		{599FD575-0413-44A8-BE00-88CB6331AAA5}.Release|x86.Build.0 = Release|Win32
	EndGlobalSection
	GlobalSection(SolutionProperties) = preSolution
		HideSolutionNode = FALSE
	EndGlobalSection
	GlobalSection(ExtensibilityGlobals) = postSolution
		SolutionGuid = {8D24A279-2286-4245-ABF8-DB595F234F57}
	EndGlobalSection
EndGlobal
