
Microsoft Visual Studio Solution File, Format Version 12.00
# Visual Studio Version 16
VisualStudioVersion = 16.0.29306.81
MinimumVisualStudioVersion = 10.0.40219.1
Project("{8BC9CEB8-8B4A-11D0-8D11-00A0C91BC942}") = "Lec-6-3-game-lobby", "Lec-6-3-game-lobby\Lec-6-3-game-lobby.vcxproj", "{BB1828AC-F7D4-4610-95E1-5E43F3D43E18}"
EndProject
Global
	GlobalSection(SolutionConfigurationPlatforms) = preSolution
		Debug|x64 = Debug|x64
		Debug|x86 = Debug|x86
		Release|x64 = Release|x64
		Release|x86 = Release|x86
	EndGlobalSection
	GlobalSection(ProjectConfigurationPlatforms) = postSolution
		{BB1828AC-F7D4-4610-95E1-5E43F3D43E18}.Debug|x64.ActiveCfg = Debug|x64
		{BB1828AC-F7D4-4610-95E1-5E43F3D43E18}.Debug|x64.Build.0 = Debug|x64
		{BB1828AC-F7D4-4610-95E1-5E43F3D43E18}.Debug|x86.ActiveCfg = Debug|Win32
		{BB1828AC-F7D4-4610-95E1-5E43F3D43E18}.Debug|x86.Build.0 = Debug|Win32
		{BB1828AC-F7D4-4610-95E1-5E43F3D43E18}.Release|x64.ActiveCfg = Release|x64
		{BB1828AC-F7D4-4610-95E1-5E43F3D43E18}.Release|x64.Build.0 = Release|x64
		{BB1828AC-F7D4-4610-95E1-5E43F3D43E18}.Release|x86.ActiveCfg = Release|Win32
		{BB1828AC-F7D4-4610-95E1-5E43F3D43E18}.Release|x86.Build.0 = Release|Win32
	EndGlobalSection
	GlobalSection(SolutionProperties) = preSolution
		HideSolutionNode = FALSE
	EndGlobalSection
	GlobalSection(ExtensibilityGlobals) = postSolution
		SolutionGuid = {4C5ACEEE-120C-4C6F-BF36-D221261850AD}
	EndGlobalSection
EndGlobal
